
Microsoft Visual Studio Solution File, Format Version 12.00
# Visual Studio Version 16
VisualStudioVersion = 16.0.31624.102
MinimumVisualStudioVersion = 10.0.40219.1
Project("{FAE04EC0-301F-11D3-BF4B-00C04F79EFBC}") = "EHI", "EHI\EHI.csproj", "{635E0467-6581-4CF5-BCCA-2419F192B1FF}"
EndProject
Global
	GlobalSection(SolutionConfigurationPlatforms) = preSolution
		Debug|Any CPU = Debug|Any CPU
		Release|Any CPU = Release|Any CPU
	EndGlobalSection
	GlobalSection(ProjectConfigurationPlatforms) = postSolution
		{635E0467-6581-4CF5-BCCA-2419F192B1FF}.Debug|Any CPU.ActiveCfg = Debug|Any CPU
		{635E0467-6581-4CF5-BCCA-2419F192B1FF}.Debug|Any CPU.Build.0 = Debug|Any CPU
		{635E0467-6581-4CF5-BCCA-2419F192B1FF}.Release|Any CPU.ActiveCfg = Release|Any CPU
		{635E0467-6581-4CF5-BCCA-2419F192B1FF}.Release|Any CPU.Build.0 = Release|Any CPU
	EndGlobalSection
	GlobalSection(SolutionProperties) = preSolution
		HideSolutionNode = FALSE
	EndGlobalSection
	GlobalSection(ExtensibilityGlobals) = postSolution
		SolutionGuid = {A0455653-67EA-46FD-9DD2-E510419EB473}
	EndGlobalSection
EndGlobal
